// !$*UTF8*$!
{
	archiveVersion = 1;
	classes = {
	};
	objectVersion = 50;
	objects = {

/* Begin PBXBuildFile section */
		64B1DA7F25A83AC2002CBD4C /* SpaceTogetherApp.swift in Sources */ = {isa = PBXBuildFile; fileRef = 64B1DA7E25A83AC2002CBD4C /* SpaceTogetherApp.swift */; };
		64B1DA8125A83AC2002CBD4C /* ContentView.swift in Sources */ = {isa = PBXBuildFile; fileRef = 64B1DA8025A83AC2002CBD4C /* ContentView.swift */; };
		64B1DA8325A83AC4002CBD4C /* Assets.xcassets in Resources */ = {isa = PBXBuildFile; fileRef = 64B1DA8225A83AC4002CBD4C /* Assets.xcassets */; };
		64B1DA8625A83AC4002CBD4C /* Preview Assets.xcassets in Resources */ = {isa = PBXBuildFile; fileRef = 64B1DA8525A83AC4002CBD4C /* Preview Assets.xcassets */; };
		64B1DA9125A83AC5002CBD4C /* SpaceTogetherTests.swift in Sources */ = {isa = PBXBuildFile; fileRef = 64B1DA9025A83AC5002CBD4C /* SpaceTogetherTests.swift */; };
		64B1DA9C25A83AC5002CBD4C /* SpaceTogetherUITests.swift in Sources */ = {isa = PBXBuildFile; fileRef = 64B1DA9B25A83AC5002CBD4C /* SpaceTogetherUITests.swift */; };
/* End PBXBuildFile section */

/* Begin PBXContainerItemProxy section */
		64B1DA8D25A83AC5002CBD4C /* PBXContainerItemProxy */ = {
			isa = PBXContainerItemProxy;
			containerPortal = 64B1DA7325A83AC2002CBD4C /* Project object */;
			proxyType = 1;
			remoteGlobalIDString = 64B1DA7A25A83AC2002CBD4C;
			remoteInfo = SpaceTogether;
		};
		64B1DA9825A83AC5002CBD4C /* PBXContainerItemProxy */ = {
			isa = PBXContainerItemProxy;
			containerPortal = 64B1DA7325A83AC2002CBD4C /* Project object */;
			proxyType = 1;
			remoteGlobalIDString = 64B1DA7A25A83AC2002CBD4C;
			remoteInfo = SpaceTogether;
		};
/* End PBXContainerItemProxy section */

/* Begin PBXFileReference section */
		64B1DA7B25A83AC2002CBD4C /* SpaceTogether.app */ = {isa = PBXFileReference; explicitFileType = wrapper.application; includeInIndex = 0; path = SpaceTogether.app; sourceTree = BUILT_PRODUCTS_DIR; };
		64B1DA7E25A83AC2002CBD4C /* SpaceTogetherApp.swift */ = {isa = PBXFileReference; lastKnownFileType = sourcecode.swift; path = SpaceTogetherApp.swift; sourceTree = "<group>"; };
		64B1DA8025A83AC2002CBD4C /* ContentView.swift */ = {isa = PBXFileReference; lastKnownFileType = sourcecode.swift; path = ContentView.swift; sourceTree = "<group>"; };
		64B1DA8225A83AC4002CBD4C /* Assets.xcassets */ = {isa = PBXFileReference; lastKnownFileType = folder.assetcatalog; path = Assets.xcassets; sourceTree = "<group>"; };
		64B1DA8525A83AC4002CBD4C /* Preview Assets.xcassets */ = {isa = PBXFileReference; lastKnownFileType = folder.assetcatalog; path = "Preview Assets.xcassets"; sourceTree = "<group>"; };
		64B1DA8725A83AC4002CBD4C /* Info.plist */ = {isa = PBXFileReference; lastKnownFileType = text.plist.xml; path = Info.plist; sourceTree = "<group>"; };
		64B1DA8C25A83AC5002CBD4C /* SpaceTogetherTests.xctest */ = {isa = PBXFileReference; explicitFileType = wrapper.cfbundle; includeInIndex = 0; path = SpaceTogetherTests.xctest; sourceTree = BUILT_PRODUCTS_DIR; };
		64B1DA9025A83AC5002CBD4C /* SpaceTogetherTests.swift */ = {isa = PBXFileReference; lastKnownFileType = sourcecode.swift; path = SpaceTogetherTests.swift; sourceTree = "<group>"; };
		64B1DA9225A83AC5002CBD4C /* Info.plist */ = {isa = PBXFileReference; lastKnownFileType = text.plist.xml; path = Info.plist; sourceTree = "<group>"; };
		64B1DA9725A83AC5002CBD4C /* SpaceTogetherUITests.xctest */ = {isa = PBXFileReference; explicitFileType = wrapper.cfbundle; includeInIndex = 0; path = SpaceTogetherUITests.xctest; sourceTree = BUILT_PRODUCTS_DIR; };
		64B1DA9B25A83AC5002CBD4C /* SpaceTogetherUITests.swift */ = {isa = PBXFileReference; lastKnownFileType = sourcecode.swift; path = SpaceTogetherUITests.swift; sourceTree = "<group>"; };
		64B1DA9D25A83AC5002CBD4C /* Info.plist */ = {isa = PBXFileReference; lastKnownFileType = text.plist.xml; path = Info.plist; sourceTree = "<group>"; };
/* End PBXFileReference section */

/* Begin PBXFrameworksBuildPhase section */
		64B1DA7825A83AC2002CBD4C /* Frameworks */ = {
			isa = PBXFrameworksBuildPhase;
			buildActionMask = 2147483647;
			files = (
			);
			runOnlyForDeploymentPostprocessing = 0;
		};
		64B1DA8925A83AC5002CBD4C /* Frameworks */ = {
			isa = PBXFrameworksBuildPhase;
			buildActionMask = 2147483647;
			files = (
			);
			runOnlyForDeploymentPostprocessing = 0;
		};
		64B1DA9425A83AC5002CBD4C /* Frameworks */ = {
			isa = PBXFrameworksBuildPhase;
			buildActionMask = 2147483647;
			files = (
			);
			runOnlyForDeploymentPostprocessing = 0;
		};
/* End PBXFrameworksBuildPhase section */

/* Begin PBXGroup section */
		64B1DA7225A83AC2002CBD4C = {
			isa = PBXGroup;
			children = (
				64B1DA7D25A83AC2002CBD4C /* SpaceTogether */,
				64B1DA8F25A83AC5002CBD4C /* SpaceTogetherTests */,
				64B1DA9A25A83AC5002CBD4C /* SpaceTogetherUITests */,
				64B1DA7C25A83AC2002CBD4C /* Products */,
			);
			sourceTree = "<group>";
		};
		64B1DA7C25A83AC2002CBD4C /* Products */ = {
			isa = PBXGroup;
			children = (
				64B1DA7B25A83AC2002CBD4C /* SpaceTogether.app */,
				64B1DA8C25A83AC5002CBD4C /* SpaceTogetherTests.xctest */,
				64B1DA9725A83AC5002CBD4C /* SpaceTogetherUITests.xctest */,
			);
			name = Products;
			sourceTree = "<group>";
		};
		64B1DA7D25A83AC2002CBD4C /* SpaceTogether */ = {
			isa = PBXGroup;
			children = (
				64B1DA7E25A83AC2002CBD4C /* SpaceTogetherApp.swift */,
				64B1DA8025A83AC2002CBD4C /* ContentView.swift */,
				64B1DA8225A83AC4002CBD4C /* Assets.xcassets */,
				64B1DA8725A83AC4002CBD4C /* Info.plist */,
				64B1DA8425A83AC4002CBD4C /* Preview Content */,
			);
			path = SpaceTogether;
			sourceTree = "<group>";
		};
		64B1DA8425A83AC4002CBD4C /* Preview Content */ = {
			isa = PBXGroup;
			children = (
				64B1DA8525A83AC4002CBD4C /* Preview Assets.xcassets */,
			);
			path = "Preview Content";
			sourceTree = "<group>";
		};
		64B1DA8F25A83AC5002CBD4C /* SpaceTogetherTests */ = {
			isa = PBXGroup;
			children = (
				64B1DA9025A83AC5002CBD4C /* SpaceTogetherTests.swift */,
				64B1DA9225A83AC5002CBD4C /* Info.plist */,
			);
			path = SpaceTogetherTests;
			sourceTree = "<group>";
		};
		64B1DA9A25A83AC5002CBD4C /* SpaceTogetherUITests */ = {
			isa = PBXGroup;
			children = (
				64B1DA9B25A83AC5002CBD4C /* SpaceTogetherUITests.swift */,
				64B1DA9D25A83AC5002CBD4C /* Info.plist */,
			);
			path = SpaceTogetherUITests;
			sourceTree = "<group>";
		};
/* End PBXGroup section */

/* Begin PBXNativeTarget section */
		64B1DA7A25A83AC2002CBD4C /* SpaceTogether */ = {
			isa = PBXNativeTarget;
			buildConfigurationList = 64B1DAA025A83AC5002CBD4C /* Build configuration list for PBXNativeTarget "SpaceTogether" */;
			buildPhases = (
				64B1DA7725A83AC2002CBD4C /* Sources */,
				64B1DA7825A83AC2002CBD4C /* Frameworks */,
				64B1DA7925A83AC2002CBD4C /* Resources */,
			);
			buildRules = (
			);
			dependencies = (
			);
			name = SpaceTogether;
			productName = SpaceTogether;
			productReference = 64B1DA7B25A83AC2002CBD4C /* SpaceTogether.app */;
			productType = "com.apple.product-type.application";
		};
		64B1DA8B25A83AC5002CBD4C /* SpaceTogetherTests */ = {
			isa = PBXNativeTarget;
			buildConfigurationList = 64B1DAA325A83AC5002CBD4C /* Build configuration list for PBXNativeTarget "SpaceTogetherTests" */;
			buildPhases = (
				64B1DA8825A83AC5002CBD4C /* Sources */,
				64B1DA8925A83AC5002CBD4C /* Frameworks */,
				64B1DA8A25A83AC5002CBD4C /* Resources */,
			);
			buildRules = (
			);
			dependencies = (
				64B1DA8E25A83AC5002CBD4C /* PBXTargetDependency */,
			);
			name = SpaceTogetherTests;
			productName = SpaceTogetherTests;
			productReference = 64B1DA8C25A83AC5002CBD4C /* SpaceTogetherTests.xctest */;
			productType = "com.apple.product-type.bundle.unit-test";
		};
		64B1DA9625A83AC5002CBD4C /* SpaceTogetherUITests */ = {
			isa = PBXNativeTarget;
			buildConfigurationList = 64B1DAA625A83AC5002CBD4C /* Build configuration list for PBXNativeTarget "SpaceTogetherUITests" */;
			buildPhases = (
				64B1DA9325A83AC5002CBD4C /* Sources */,
				64B1DA9425A83AC5002CBD4C /* Frameworks */,
				64B1DA9525A83AC5002CBD4C /* Resources */,
			);
			buildRules = (
			);
			dependencies = (
				64B1DA9925A83AC5002CBD4C /* PBXTargetDependency */,
			);
			name = SpaceTogetherUITests;
			productName = SpaceTogetherUITests;
			productReference = 64B1DA9725A83AC5002CBD4C /* SpaceTogetherUITests.xctest */;
			productType = "com.apple.product-type.bundle.ui-testing";
		};
/* End PBXNativeTarget section */

/* Begin PBXProject section */
		64B1DA7325A83AC2002CBD4C /* Project object */ = {
			isa = PBXProject;
			attributes = {
				LastSwiftUpdateCheck = 1210;
				LastUpgradeCheck = 1210;
				TargetAttributes = {
					64B1DA7A25A83AC2002CBD4C = {
						CreatedOnToolsVersion = 12.1;
					};
					64B1DA8B25A83AC5002CBD4C = {
						CreatedOnToolsVersion = 12.1;
						TestTargetID = 64B1DA7A25A83AC2002CBD4C;
					};
					64B1DA9625A83AC5002CBD4C = {
						CreatedOnToolsVersion = 12.1;
						TestTargetID = 64B1DA7A25A83AC2002CBD4C;
					};
				};
			};
			buildConfigurationList = 64B1DA7625A83AC2002CBD4C /* Build configuration list for PBXProject "SpaceTogether" */;
			compatibilityVersion = "Xcode 9.3";
			developmentRegion = en;
			hasScannedForEncodings = 0;
			knownRegions = (
				en,
				Base,
			);
			mainGroup = 64B1DA7225A83AC2002CBD4C;
			productRefGroup = 64B1DA7C25A83AC2002CBD4C /* Products */;
			projectDirPath = "";
			projectRoot = "";
			targets = (
				64B1DA7A25A83AC2002CBD4C /* SpaceTogether */,
				64B1DA8B25A83AC5002CBD4C /* SpaceTogetherTests */,
				64B1DA9625A83AC5002CBD4C /* SpaceTogetherUITests */,
			);
		};
/* End PBXProject section */

/* Begin PBXResourcesBuildPhase section */
		64B1DA7925A83AC2002CBD4C /* Resources */ = {
			isa = PBXResourcesBuildPhase;
			buildActionMask = 2147483647;
			files = (
				64B1DA8625A83AC4002CBD4C /* Preview Assets.xcassets in Resources */,
				64B1DA8325A83AC4002CBD4C /* Assets.xcassets in Resources */,
			);
			runOnlyForDeploymentPostprocessing = 0;
		};
		64B1DA8A25A83AC5002CBD4C /* Resources */ = {
			isa = PBXResourcesBuildPhase;
			buildActionMask = 2147483647;
			files = (
			);
			runOnlyForDeploymentPostprocessing = 0;
		};
		64B1DA9525A83AC5002CBD4C /* Resources */ = {
			isa = PBXResourcesBuildPhase;
			buildActionMask = 2147483647;
			files = (
			);
			runOnlyForDeploymentPostprocessing = 0;
		};
/* End PBXResourcesBuildPhase section */

/* Begin PBXSourcesBuildPhase section */
		64B1DA7725A83AC2002CBD4C /* Sources */ = {
			isa = PBXSourcesBuildPhase;
			buildActionMask = 2147483647;
			files = (
				64B1DA8125A83AC2002CBD4C /* ContentView.swift in Sources */,
				64B1DA7F25A83AC2002CBD4C /* SpaceTogetherApp.swift in Sources */,
			);
			runOnlyForDeploymentPostprocessing = 0;
		};
		64B1DA8825A83AC5002CBD4C /* Sources */ = {
			isa = PBXSourcesBuildPhase;
			buildActionMask = 2147483647;
			files = (
				64B1DA9125A83AC5002CBD4C /* SpaceTogetherTests.swift in Sources */,
			);
			runOnlyForDeploymentPostprocessing = 0;
		};
		64B1DA9325A83AC5002CBD4C /* Sources */ = {
			isa = PBXSourcesBuildPhase;
			buildActionMask = 2147483647;
			files = (
				64B1DA9C25A83AC5002CBD4C /* SpaceTogetherUITests.swift in Sources */,
			);
			runOnlyForDeploymentPostprocessing = 0;
		};
/* End PBXSourcesBuildPhase section */

/* Begin PBXTargetDependency section */
		64B1DA8E25A83AC5002CBD4C /* PBXTargetDependency */ = {
			isa = PBXTargetDependency;
			target = 64B1DA7A25A83AC2002CBD4C /* SpaceTogether */;
			targetProxy = 64B1DA8D25A83AC5002CBD4C /* PBXContainerItemProxy */;
		};
		64B1DA9925A83AC5002CBD4C /* PBXTargetDependency */ = {
			isa = PBXTargetDependency;
			target = 64B1DA7A25A83AC2002CBD4C /* SpaceTogether */;
			targetProxy = 64B1DA9825A83AC5002CBD4C /* PBXContainerItemProxy */;
		};
/* End PBXTargetDependency section */

/* Begin XCBuildConfiguration section */
		64B1DA9E25A83AC5002CBD4C /* Debug */ = {
			isa = XCBuildConfiguration;
			buildSettings = {
				ALWAYS_SEARCH_USER_PATHS = NO;
				CLANG_ANALYZER_NONNULL = YES;
				CLANG_ANALYZER_NUMBER_OBJECT_CONVERSION = YES_AGGRESSIVE;
				CLANG_CXX_LANGUAGE_STANDARD = "gnu++14";
				CLANG_CXX_LIBRARY = "libc++";
				CLANG_ENABLE_MODULES = YES;
				CLANG_ENABLE_OBJC_ARC = YES;
				CLANG_ENABLE_OBJC_WEAK = YES;
				CLANG_WARN_BLOCK_CAPTURE_AUTORELEASING = YES;
				CLANG_WARN_BOOL_CONVERSION = YES;
				CLANG_WARN_COMMA = YES;
				CLANG_WARN_CONSTANT_CONVERSION = YES;
				CLANG_WARN_DEPRECATED_OBJC_IMPLEMENTATIONS = YES;
				CLANG_WARN_DIRECT_OBJC_ISA_USAGE = YES_ERROR;
				CLANG_WARN_DOCUMENTATION_COMMENTS = YES;
				CLANG_WARN_EMPTY_BODY = YES;
				CLANG_WARN_ENUM_CONVERSION = YES;
				CLANG_WARN_INFINITE_RECURSION = YES;
				CLANG_WARN_INT_CONVERSION = YES;
				CLANG_WARN_NON_LITERAL_NULL_CONVERSION = YES;
				CLANG_WARN_OBJC_IMPLICIT_RETAIN_SELF = YES;
				CLANG_WARN_OBJC_LITERAL_CONVERSION = YES;
				CLANG_WARN_OBJC_ROOT_CLASS = YES_ERROR;
				CLANG_WARN_QUOTED_INCLUDE_IN_FRAMEWORK_HEADER = YES;
				CLANG_WARN_RANGE_LOOP_ANALYSIS = YES;
				CLANG_WARN_STRICT_PROTOTYPES = YES;
				CLANG_WARN_SUSPICIOUS_MOVE = YES;
				CLANG_WARN_UNGUARDED_AVAILABILITY = YES_AGGRESSIVE;
				CLANG_WARN_UNREACHABLE_CODE = YES;
				CLANG_WARN__DUPLICATE_METHOD_MATCH = YES;
				COPY_PHASE_STRIP = NO;
				DEBUG_INFORMATION_FORMAT = dwarf;
				ENABLE_STRICT_OBJC_MSGSEND = YES;
				ENABLE_TESTABILITY = YES;
				GCC_C_LANGUAGE_STANDARD = gnu11;
				GCC_DYNAMIC_NO_PIC = NO;
				GCC_NO_COMMON_BLOCKS = YES;
				GCC_OPTIMIZATION_LEVEL = 0;
				GCC_PREPROCESSOR_DEFINITIONS = (
					"DEBUG=1",
					"$(inherited)",
				);
				GCC_WARN_64_TO_32_BIT_CONVERSION = YES;
				GCC_WARN_ABOUT_RETURN_TYPE = YES_ERROR;
				GCC_WARN_UNDECLARED_SELECTOR = YES;
				GCC_WARN_UNINITIALIZED_AUTOS = YES_AGGRESSIVE;
				GCC_WARN_UNUSED_FUNCTION = YES;
				GCC_WARN_UNUSED_VARIABLE = YES;
				IPHONEOS_DEPLOYMENT_TARGET = 14.1;
				MTL_ENABLE_DEBUG_INFO = INCLUDE_SOURCE;
				MTL_FAST_MATH = YES;
				ONLY_ACTIVE_ARCH = YES;
				SDKROOT = iphoneos;
				SWIFT_ACTIVE_COMPILATION_CONDITIONS = DEBUG;
				SWIFT_OPTIMIZATION_LEVEL = "-Onone";
			};
			name = Debug;
		};
		64B1DA9F25A83AC5002CBD4C /* Release */ = {
			isa = XCBuildConfiguration;
			buildSettings = {
				ALWAYS_SEARCH_USER_PATHS = NO;
				CLANG_ANALYZER_NONNULL = YES;
				CLANG_ANALYZER_NUMBER_OBJECT_CONVERSION = YES_AGGRESSIVE;
				CLANG_CXX_LANGUAGE_STANDARD = "gnu++14";
				CLANG_CXX_LIBRARY = "libc++";
				CLANG_ENABLE_MODULES = YES;
				CLANG_ENABLE_OBJC_ARC = YES;
				CLANG_ENABLE_OBJC_WEAK = YES;
				CLANG_WARN_BLOCK_CAPTURE_AUTORELEASING = YES;
				CLANG_WARN_BOOL_CONVERSION = YES;
				CLANG_WARN_COMMA = YES;
				CLANG_WARN_CONSTANT_CONVERSION = YES;
				CLANG_WARN_DEPRECATED_OBJC_IMPLEMENTATIONS = YES;
				CLANG_WARN_DIRECT_OBJC_ISA_USAGE = YES_ERROR;
				CLANG_WARN_DOCUMENTATION_COMMENTS = YES;
				CLANG_WARN_EMPTY_BODY = YES;
				CLANG_WARN_ENUM_CONVERSION = YES;
				CLANG_WARN_INFINITE_RECURSION = YES;
				CLANG_WARN_INT_CONVERSION = YES;
				CLANG_WARN_NON_LITERAL_NULL_CONVERSION = YES;
				CLANG_WARN_OBJC_IMPLICIT_RETAIN_SELF = YES;
				CLANG_WARN_OBJC_LITERAL_CONVERSION = YES;
				CLANG_WARN_OBJC_ROOT_CLASS = YES_ERROR;
				CLANG_WARN_QUOTED_INCLUDE_IN_FRAMEWORK_HEADER = YES;
				CLANG_WARN_RANGE_LOOP_ANALYSIS = YES;
				CLANG_WARN_STRICT_PROTOTYPES = YES;
				CLANG_WARN_SUSPICIOUS_MOVE = YES;
				CLANG_WARN_UNGUARDED_AVAILABILITY = YES_AGGRESSIVE;
				CLANG_WARN_UNREACHABLE_CODE = YES;
				CLANG_WARN__DUPLICATE_METHOD_MATCH = YES;
				COPY_PHASE_STRIP = NO;
				DEBUG_INFORMATION_FORMAT = "dwarf-with-dsym";
				ENABLE_NS_ASSERTIONS = NO;
				ENABLE_STRICT_OBJC_MSGSEND = YES;
				GCC_C_LANGUAGE_STANDARD = gnu11;
				GCC_NO_COMMON_BLOCKS = YES;
				GCC_WARN_64_TO_32_BIT_CONVERSION = YES;
				GCC_WARN_ABOUT_RETURN_TYPE = YES_ERROR;
				GCC_WARN_UNDECLARED_SELECTOR = YES;
				GCC_WARN_UNINITIALIZED_AUTOS = YES_AGGRESSIVE;
				GCC_WARN_UNUSED_FUNCTION = YES;
				GCC_WARN_UNUSED_VARIABLE = YES;
				IPHONEOS_DEPLOYMENT_TARGET = 14.1;
				MTL_ENABLE_DEBUG_INFO = NO;
				MTL_FAST_MATH = YES;
				SDKROOT = iphoneos;
				SWIFT_COMPILATION_MODE = wholemodule;
				SWIFT_OPTIMIZATION_LEVEL = "-O";
				VALIDATE_PRODUCT = YES;
			};
			name = Release;
		};
		64B1DAA125A83AC5002CBD4C /* Debug */ = {
			isa = XCBuildConfiguration;
			buildSettings = {
				ASSETCATALOG_COMPILER_APPICON_NAME = AppIcon;
				ASSETCATALOG_COMPILER_GLOBAL_ACCENT_COLOR_NAME = AccentColor;
				CODE_SIGN_STYLE = Automatic;
				DEVELOPMENT_ASSET_PATHS = "\"SpaceTogether/Preview Content\"";
				ENABLE_PREVIEWS = YES;
				INFOPLIST_FILE = SpaceTogether/Info.plist;
				IPHONEOS_DEPLOYMENT_TARGET = 14.0;
				LD_RUNPATH_SEARCH_PATHS = (
					"$(inherited)",
					"@executable_path/Frameworks",
				);
				PRODUCT_BUNDLE_IDENTIFIER = com.appa.SpaceTogether;
				PRODUCT_NAME = "$(TARGET_NAME)";
				SWIFT_VERSION = 5.0;
				TARGETED_DEVICE_FAMILY = "1,2";
			};
			name = Debug;
		};
		64B1DAA225A83AC5002CBD4C /* Release */ = {
			isa = XCBuildConfiguration;
			buildSettings = {
				ASSETCATALOG_COMPILER_APPICON_NAME = AppIcon;
				ASSETCATALOG_COMPILER_GLOBAL_ACCENT_COLOR_NAME = AccentColor;
				CODE_SIGN_STYLE = Automatic;
				DEVELOPMENT_ASSET_PATHS = "\"SpaceTogether/Preview Content\"";
				ENABLE_PREVIEWS = YES;
				INFOPLIST_FILE = SpaceTogether/Info.plist;
				IPHONEOS_DEPLOYMENT_TARGET = 14.0;
				LD_RUNPATH_SEARCH_PATHS = (
					"$(inherited)",
					"@executable_path/Frameworks",
				);
				PRODUCT_BUNDLE_IDENTIFIER = com.appa.SpaceTogether;
				PRODUCT_NAME = "$(TARGET_NAME)";
				SWIFT_VERSION = 5.0;
				TARGETED_DEVICE_FAMILY = "1,2";
			};
			name = Release;
		};
		64B1DAA425A83AC5002CBD4C /* Debug */ = {
			isa = XCBuildConfiguration;
			buildSettings = {
				ALWAYS_EMBED_SWIFT_STANDARD_LIBRARIES = YES;
				BUNDLE_LOADER = "$(TEST_HOST)";
				CODE_SIGN_STYLE = Automatic;
				INFOPLIST_FILE = SpaceTogetherTests/Info.plist;
				IPHONEOS_DEPLOYMENT_TARGET = 14.0;
				LD_RUNPATH_SEARCH_PATHS = (
					"$(inherited)",
					"@executable_path/Frameworks",
					"@loader_path/Frameworks",
				);
				PRODUCT_BUNDLE_IDENTIFIER = com.appa.SpaceTogetherTests;
				PRODUCT_NAME = "$(TARGET_NAME)";
				SWIFT_VERSION = 5.0;
				TARGETED_DEVICE_FAMILY = "1,2";
				TEST_HOST = "$(BUILT_PRODUCTS_DIR)/SpaceTogether.app/SpaceTogether";
			};
			name = Debug;
		};
		64B1DAA525A83AC5002CBD4C /* Release */ = {
			isa = XCBuildConfiguration;
			buildSettings = {
				ALWAYS_EMBED_SWIFT_STANDARD_LIBRARIES = YES;
				BUNDLE_LOADER = "$(TEST_HOST)";
				CODE_SIGN_STYLE = Automatic;
				INFOPLIST_FILE = SpaceTogetherTests/Info.plist;
				IPHONEOS_DEPLOYMENT_TARGET = 14.0;
				LD_RUNPATH_SEARCH_PATHS = (
					"$(inherited)",
					"@executable_path/Frameworks",
					"@loader_path/Frameworks",
				);
				PRODUCT_BUNDLE_IDENTIFIER = com.appa.SpaceTogetherTests;
				PRODUCT_NAME = "$(TARGET_NAME)";
				SWIFT_VERSION = 5.0;
				TARGETED_DEVICE_FAMILY = "1,2";
				TEST_HOST = "$(BUILT_PRODUCTS_DIR)/SpaceTogether.app/SpaceTogether";
			};
			name = Release;
		};
		64B1DAA725A83AC5002CBD4C /* Debug */ = {
			isa = XCBuildConfiguration;
			buildSettings = {
				ALWAYS_EMBED_SWIFT_STANDARD_LIBRARIES = YES;
				CODE_SIGN_STYLE = Automatic;
				INFOPLIST_FILE = SpaceTogetherUITests/Info.plist;
				LD_RUNPATH_SEARCH_PATHS = (
					"$(inherited)",
					"@executable_path/Frameworks",
					"@loader_path/Frameworks",
				);
				PRODUCT_BUNDLE_IDENTIFIER = com.appa.SpaceTogetherUITests;
				PRODUCT_NAME = "$(TARGET_NAME)";
				SWIFT_VERSION = 5.0;
				TARGETED_DEVICE_FAMILY = "1,2";
				TEST_TARGET_NAME = SpaceTogether;
			};
			name = Debug;
		};
		64B1DAA825A83AC5002CBD4C /* Release */ = {
			isa = XCBuildConfiguration;
			buildSettings = {
				ALWAYS_EMBED_SWIFT_STANDARD_LIBRARIES = YES;
				CODE_SIGN_STYLE = Automatic;
				INFOPLIST_FILE = SpaceTogetherUITests/Info.plist;
				LD_RUNPATH_SEARCH_PATHS = (
					"$(inherited)",
					"@executable_path/Frameworks",
					"@loader_path/Frameworks",
				);
				PRODUCT_BUNDLE_IDENTIFIER = com.appa.SpaceTogetherUITests;
				PRODUCT_NAME = "$(TARGET_NAME)";
				SWIFT_VERSION = 5.0;
				TARGETED_DEVICE_FAMILY = "1,2";
				TEST_TARGET_NAME = SpaceTogether;
			};
			name = Release;
		};
/* End XCBuildConfiguration section */

/* Begin XCConfigurationList section */
		64B1DA7625A83AC2002CBD4C /* Build configuration list for PBXProject "SpaceTogether" */ = {
			isa = XCConfigurationList;
			buildConfigurations = (
				64B1DA9E25A83AC5002CBD4C /* Debug */,
				64B1DA9F25A83AC5002CBD4C /* Release */,
			);
			defaultConfigurationIsVisible = 0;
			defaultConfigurationName = Release;
		};
		64B1DAA025A83AC5002CBD4C /* Build configuration list for PBXNativeTarget "SpaceTogether" */ = {
			isa = XCConfigurationList;
			buildConfigurations = (
				64B1DAA125A83AC5002CBD4C /* Debug */,
				64B1DAA225A83AC5002CBD4C /* Release */,
			);
			defaultConfigurationIsVisible = 0;
			defaultConfigurationName = Release;
		};
		64B1DAA325A83AC5002CBD4C /* Build configuration list for PBXNativeTarget "SpaceTogetherTests" */ = {
			isa = XCConfigurationList;
			buildConfigurations = (
				64B1DAA425A83AC5002CBD4C /* Debug */,
				64B1DAA525A83AC5002CBD4C /* Release */,
			);
			defaultConfigurationIsVisible = 0;
			defaultConfigurationName = Release;
		};
		64B1DAA625A83AC5002CBD4C /* Build configuration list for PBXNativeTarget "SpaceTogetherUITests" */ = {
			isa = XCConfigurationList;
			buildConfigurations = (
				64B1DAA725A83AC5002CBD4C /* Debug */,
				64B1DAA825A83AC5002CBD4C /* Release */,
			);
			defaultConfigurationIsVisible = 0;
			defaultConfigurationName = Release;
		};
/* End XCConfigurationList section */
	};
	rootObject = 64B1DA7325A83AC2002CBD4C /* Project object */;
}
